PODS:
  - boost (1.76.0)
  - DoubleConversion (1.1.6)
  - FBLazyVector (0.71.27)
  - FBReactNativeSpec (0.71.27):
    - RCT-Folly (= 2021.07.22.00)
    - RCTRequired (= 0.71.27)
    - RCTTypeSafety (= 0.71.27)
    - React-Core (= 0.71.27)
    - React-jsi (= 0.71.27)
    - ReactCommon/turbomodule/core (= 0.71.27)
  - fmt (6.2.1)
  - glog (0.3.5)
  - MSAL (1.2.14):
    - MSAL/app-lib (= 1.2.14)
  - MSAL/app-lib (1.2.14)
  - RCT-Folly (2021.07.22.00):
    - boost
    - DoubleConversion
    - fmt (~> 6.2.1)
    - glog
    - RCT-Folly/Default (= 2021.07.22.00)
  - RCT-Folly/Default (2021.07.22.00):
    - boost
    - DoubleConversion
    - fmt (~> 6.2.1)
    - glog
  - RCTRequired (0.71.27)
  - RCTTypeSafety (0.71.27):
    - FBLazyVector (= 0.71.27)
    - RCTRequired (= 0.71.27)
    - React-Core (= 0.71.27)
  - React (0.71.27):
    - React-Core (= 0.71.27)
    - React-Core/DevSupport (= 0.71.27)
    - React-Core/RCTWebSocket (= 0.71.27)
    - React-RCTActionSheet (= 0.71.27)
    - React-RCTAnimation (= 0.71.27)
    - React-RCTBlob (= 0.71.27)
    - React-RCTImage (= 0.71.27)
    - React-RCTLinking (= 0.71.27)
    - React-RCTNetwork (= 0.71.27)
    - React-RCTSettings (= 0.71.27)
    - React-RCTText (= 0.71.27)
    - React-RCTVibration (= 0.71.27)
  - React-callinvoker (0.71.27)
  - React-Codegen (0.71.27):
    - FBReactNativeSpec
    - RCT-Folly
    - RCTRequired
    - RCTTypeSafety
    - React-Core
    - React-jsc
    - React-jsi
    - React-jsiexecutor
    - ReactCommon/turbomodule/bridging
    - ReactCommon/turbomodule/core
  - React-Core (0.71.27):
    - glog
    - RCT-Folly (= 2021.07.22.00)
    - React-Core/Default (= 0.71.27)
    - React-cxxreact (= 0.71.27)
    - React-jsc
    - React-jsi (= 0.71.27)
    - React-jsiexecutor (= 0.71.27)
    - React-perflogger (= 0.71.27)
    - SocketRocket (= 0.7.0)
    - Yoga
  - React-Core/CoreModulesHeaders (0.71.27):
    - glog
    - RCT-Folly (= 2021.07.22.00)
    - React-Core/Default
    - React-cxxreact (= 0.71.27)
    - React-jsc
    - React-jsi (= 0.71.27)
    - React-jsiexecutor (= 0.71.27)
    - React-perflogger (= 0.71.27)
    - SocketRocket (= 0.7.0)
    - Yoga
  - React-Core/Default (0.71.27):
    - glog
    - RCT-Folly (= 2021.07.22.00)
    - React-cxxreact (= 0.71.27)
    - React-jsc
    - React-jsi (= 0.71.27)
    - React-jsiexecutor (= 0.71.27)
    - React-perflogger (= 0.71.27)
    - SocketRocket (= 0.7.0)
    - Yoga
  - React-Core/DevSupport (0.71.27):
    - glog
    - RCT-Folly (= 2021.07.22.00)
    - React-Core/Default (= 0.71.27)
    - React-Core/RCTWebSocket (= 0.71.27)
    - React-cxxreact (= 0.71.27)
    - React-jsc
    - React-jsi (= 0.71.27)
    - React-jsiexecutor (= 0.71.27)
    - React-jsinspector (= 0.71.27)
    - React-perflogger (= 0.71.27)
    - SocketRocket (= 0.7.0)
    - Yoga
  - React-Core/RCTActionSheetHeaders (0.71.27):
    - glog
    - RCT-Folly (= 2021.07.22.00)
    - React-Core/Default
    - React-cxxreact (= 0.71.27)
    - React-jsc
    - React-jsi (= 0.71.27)
    - React-jsiexecutor (= 0.71.27)
    - React-perflogger (= 0.71.27)
    - SocketRocket (= 0.7.0)
    - Yoga
  - React-Core/RCTAnimationHeaders (0.71.27):
    - glog
    - RCT-Folly (= 2021.07.22.00)
    - React-Core/Default
    - React-cxxreact (= 0.71.27)
    - React-jsc
    - React-jsi (= 0.71.27)
    - React-jsiexecutor (= 0.71.27)
    - React-perflogger (= 0.71.27)
    - SocketRocket (= 0.7.0)
    - Yoga
  - React-Core/RCTBlobHeaders (0.71.27):
    - glog
    - RCT-Folly (= 2021.07.22.00)
    - React-Core/Default
    - React-cxxreact (= 0.71.27)
    - React-jsc
    - React-jsi (= 0.71.27)
    - React-jsiexecutor (= 0.71.27)
    - React-perflogger (= 0.71.27)
    - SocketRocket (= 0.7.0)
    - Yoga
  - React-Core/RCTImageHeaders (0.71.27):
    - glog
    - RCT-Folly (= 2021.07.22.00)
    - React-Core/Default
    - React-cxxreact (= 0.71.27)
    - React-jsc
    - React-jsi (= 0.71.27)
    - React-jsiexecutor (= 0.71.27)
    - React-perflogger (= 0.71.27)
    - SocketRocket (= 0.7.0)
    - Yoga
  - React-Core/RCTLinkingHeaders (0.71.27):
    - glog
    - RCT-Folly (= 2021.07.22.00)
    - React-Core/Default
    - React-cxxreact (= 0.71.27)
    - React-jsc
    - React-jsi (= 0.71.27)
    - React-jsiexecutor (= 0.71.27)
    - React-perflogger (= 0.71.27)
    - SocketRocket (= 0.7.0)
    - Yoga
  - React-Core/RCTNetworkHeaders (0.71.27):
    - glog
    - RCT-Folly (= 2021.07.22.00)
    - React-Core/Default
    - React-cxxreact (= 0.71.27)
    - React-jsc
    - React-jsi (= 0.71.27)
    - React-jsiexecutor (= 0.71.27)
    - React-perflogger (= 0.71.27)
    - SocketRocket (= 0.7.0)
    - Yoga
  - React-Core/RCTSettingsHeaders (0.71.27):
    - glog
    - RCT-Folly (= 2021.07.22.00)
    - React-Core/Default
    - React-cxxreact (= 0.71.27)
    - React-jsc
    - React-jsi (= 0.71.27)
    - React-jsiexecutor (= 0.71.27)
    - React-perflogger (= 0.71.27)
    - SocketRocket (= 0.7.0)
    - Yoga
  - React-Core/RCTTextHeaders (0.71.27):
    - glog
    - RCT-Folly (= 2021.07.22.00)
    - React-Core/Default
    - React-cxxreact (= 0.71.27)
    - React-jsc
    - React-jsi (= 0.71.27)
    - React-jsiexecutor (= 0.71.27)
    - React-perflogger (= 0.71.27)
    - SocketRocket (= 0.7.0)
    - Yoga
  - React-Core/RCTVibrationHeaders (0.71.27):
    - glog
    - RCT-Folly (= 2021.07.22.00)
    - React-Core/Default
    - React-cxxreact (= 0.71.27)
    - React-jsc
    - React-jsi (= 0.71.27)
    - React-jsiexecutor (= 0.71.27)
    - React-perflogger (= 0.71.27)
    - SocketRocket (= 0.7.0)
    - Yoga
  - React-Core/RCTWebSocket (0.71.27):
    - glog
    - RCT-Folly (= 2021.07.22.00)
    - React-Core/Default (= 0.71.27)
    - React-cxxreact (= 0.71.27)
    - React-jsc
    - React-jsi (= 0.71.27)
    - React-jsiexecutor (= 0.71.27)
    - React-perflogger (= 0.71.27)
    - SocketRocket (= 0.7.0)
    - Yoga
  - React-CoreModules (0.71.27):
    - RCT-Folly (= 2021.07.22.00)
    - RCTTypeSafety (= 0.71.27)
    - React-Codegen (= 0.71.27)
    - React-Core/CoreModulesHeaders (= 0.71.27)
    - React-jsi (= 0.71.27)
    - React-RCTBlob
    - React-RCTImage (= 0.71.27)
    - ReactCommon/turbomodule/core (= 0.71.27)
    - SocketRocket (= 0.7.0)
  - React-cxxreact (0.71.27):
    - boost (= 1.76.0)
    - DoubleConversion
    - glog
    - RCT-Folly (= 2021.07.22.00)
    - React-callinvoker (= 0.71.27)
    - React-jsi (= 0.71.27)
    - React-jsinspector (= 0.71.27)
    - React-logger (= 0.71.27)
    - React-perflogger (= 0.71.27)
    - React-runtimeexecutor (= 0.71.27)
  - React-jsc (0.71.27):
    - React-jsc/Fabric (= 0.71.27)
    - React-jsi (= 0.71.27)
  - React-jsc/Fabric (0.71.27):
    - React-jsi (= 0.71.27)
  - React-jsi (0.71.27):
    - boost (= 1.76.0)
    - DoubleConversion
    - glog
    - RCT-Folly (= 2021.07.22.00)
  - React-jsiexecutor (0.71.27):
    - DoubleConversion
    - glog
    - RCT-Folly (= 2021.07.22.00)
    - React-cxxreact (= 0.71.27)
    - React-jsi (= 0.71.27)
    - React-perflogger (= 0.71.27)
  - React-jsinspector (0.71.27)
  - React-logger (0.71.27):
    - glog
  - React-perflogger (0.71.27)
  - React-RCTActionSheet (0.71.27):
    - React-Core/RCTActionSheetHeaders (= 0.71.27)
  - React-RCTAnimation (0.71.27):
    - RCT-Folly (= 2021.07.22.00)
    - RCTTypeSafety (= 0.71.27)
    - React-Codegen (= 0.71.27)
    - React-Core/RCTAnimationHeaders (= 0.71.27)
    - React-jsi (= 0.71.27)
    - ReactCommon/turbomodule/core (= 0.71.27)
  - React-RCTAppDelegate (0.71.27):
    - RCT-Folly
    - RCTRequired
    - RCTTypeSafety
    - React-Core
    - ReactCommon/turbomodule/core
  - React-RCTBlob (0.71.27):
    - RCT-Folly (= 2021.07.22.00)
    - React-Codegen (= 0.71.27)
    - React-Core/RCTBlobHeaders (= 0.71.27)
    - React-Core/RCTWebSocket (= 0.71.27)
    - React-jsi (= 0.71.27)
    - React-RCTNetwork (= 0.71.27)
    - ReactCommon/turbomodule/core (= 0.71.27)
  - React-RCTImage (0.71.27):
    - RCT-Folly (= 2021.07.22.00)
    - RCTTypeSafety (= 0.71.27)
    - React-Codegen (= 0.71.27)
    - React-Core/RCTImageHeaders (= 0.71.27)
    - React-jsi (= 0.71.27)
    - React-RCTNetwork (= 0.71.27)
    - ReactCommon/turbomodule/core (= 0.71.27)
  - React-RCTLinking (0.71.27):
    - React-Codegen (= 0.71.27)
    - React-Core/RCTLinkingHeaders (= 0.71.27)
    - React-jsi (= 0.71.27)
    - ReactCommon/turbomodule/core (= 0.71.27)
  - React-RCTNetwork (0.71.27):
    - RCT-Folly (= 2021.07.22.00)
    - RCTTypeSafety (= 0.71.27)
    - React-Codegen (= 0.71.27)
    - React-Core/RCTNetworkHeaders (= 0.71.27)
    - React-jsi (= 0.71.27)
    - ReactCommon/turbomodule/core (= 0.71.27)
  - React-RCTSettings (0.71.27):
    - RCT-Folly (= 2021.07.22.00)
    - RCTTypeSafety (= 0.71.27)
    - React-Codegen (= 0.71.27)
    - React-Core/RCTSettingsHeaders (= 0.71.27)
    - React-jsi (= 0.71.27)
    - ReactCommon/turbomodule/core (= 0.71.27)
  - React-RCTText (0.71.27):
    - React-Core/RCTTextHeaders (= 0.71.27)
  - React-RCTVibration (0.71.27):
    - RCT-Folly (= 2021.07.22.00)
    - React-Codegen (= 0.71.27)
    - React-Core/RCTVibrationHeaders (= 0.71.27)
    - React-jsi (= 0.71.27)
    - ReactCommon/turbomodule/core (= 0.71.27)
  - React-runtimeexecutor (0.71.27):
    - React-jsi (= 0.71.27)
  - ReactCommon/turbomodule/bridging (0.71.27):
    - DoubleConversion
    - glog
    - RCT-Folly (= 2021.07.22.00)
    - React-callinvoker (= 0.71.27)
    - React-Core (= 0.71.27)
    - React-cxxreact (= 0.71.27)
    - React-jsi (= 0.71.27)
    - React-logger (= 0.71.27)
    - React-perflogger (= 0.71.27)
  - ReactCommon/turbomodule/core (0.71.27):
    - DoubleConversion
    - glog
    - RCT-Folly (= 2021.07.22.00)
    - React-callinvoker (= 0.71.27)
    - React-Core (= 0.71.27)
    - React-cxxreact (= 0.71.27)
    - React-jsi (= 0.71.27)
    - React-logger (= 0.71.27)
    - React-perflogger (= 0.71.27)
  - ReactNativeHost (0.2.8):
    - React-Core
    - React-cxxreact
    - ReactCommon/turbomodule/core
  - ReactTestApp-DevSupport (2.5.15):
    - React-Core
    - React-jsi
  - ReactTestApp-MSAL (2.1.6):
    - MSAL
    - RNXAuth
  - ReactTestApp-Resources (1.0.0-dev)
  - RNXAuth (0.2.3):
    - React-Core
  - SocketRocket (0.7.0)
  - Yoga (1.14.0)

DEPENDENCIES:
  - boost (from `../../../node_modules/react-native-macos/third-party-podspecs/boost.podspec`)
  - DoubleConversion (from `../../../node_modules/react-native-macos/third-party-podspecs/DoubleConversion.podspec`)
  - FBLazyVector (from `../../../node_modules/react-native-macos/Libraries/FBLazyVector`)
  - FBReactNativeSpec (from `../../../node_modules/react-native-macos/React/FBReactNativeSpec`)
  - glog (from `../../../node_modules/react-native-macos/third-party-podspecs/glog.podspec`)
  - MSAL
  - RCT-Folly (from `../../../node_modules/react-native-macos/third-party-podspecs/RCT-Folly.podspec`)
  - RCTRequired (from `../../../node_modules/react-native-macos/Libraries/RCTRequired`)
  - RCTTypeSafety (from `../../../node_modules/react-native-macos/Libraries/TypeSafety`)
  - React (from `../../../node_modules/react-native-macos/`)
  - React-callinvoker (from `../../../node_modules/react-native-macos/ReactCommon/callinvoker`)
  - React-Codegen (from `build/generated/ios`)
  - React-Core (from `../../../node_modules/react-native-macos/`)
  - React-Core/RCTWebSocket (from `../../../node_modules/react-native-macos/`)
  - React-CoreModules (from `../../../node_modules/react-native-macos/React/CoreModules`)
  - React-cxxreact (from `../../../node_modules/react-native-macos/ReactCommon/cxxreact`)
  - React-jsc (from `../../../node_modules/react-native-macos/ReactCommon/jsc`)
  - React-jsi (from `../../../node_modules/react-native-macos/ReactCommon/jsi`)
  - React-jsiexecutor (from `../../../node_modules/react-native-macos/ReactCommon/jsiexecutor`)
  - React-jsinspector (from `../../../node_modules/react-native-macos/ReactCommon/jsinspector`)
  - React-logger (from `../../../node_modules/react-native-macos/ReactCommon/logger`)
  - React-perflogger (from `../../../node_modules/react-native-macos/ReactCommon/reactperflogger`)
  - React-RCTActionSheet (from `../../../node_modules/react-native-macos/Libraries/ActionSheetIOS`)
  - React-RCTAnimation (from `../../../node_modules/react-native-macos/Libraries/NativeAnimation`)
  - React-RCTAppDelegate (from `../../../node_modules/react-native-macos/Libraries/AppDelegate`)
  - React-RCTBlob (from `../../../node_modules/react-native-macos/Libraries/Blob`)
  - React-RCTImage (from `../../../node_modules/react-native-macos/Libraries/Image`)
  - React-RCTLinking (from `../../../node_modules/react-native-macos/Libraries/LinkingIOS`)
  - React-RCTNetwork (from `../../../node_modules/react-native-macos/Libraries/Network`)
  - React-RCTSettings (from `../../../node_modules/react-native-macos/Libraries/Settings`)
  - React-RCTText (from `../../../node_modules/react-native-macos/Libraries/Text`)
  - React-RCTVibration (from `../../../node_modules/react-native-macos/Libraries/Vibration`)
  - React-runtimeexecutor (from `../../../node_modules/react-native-macos/ReactCommon/runtimeexecutor`)
  - ReactCommon/turbomodule/core (from `../../../node_modules/react-native-macos/ReactCommon`)
  - "ReactNativeHost (from `../../../node_modules/@rnx-kit/react-native-host`)"
  - ReactTestApp-DevSupport (from `../../../node_modules/react-native-test-app`)
  - "ReactTestApp-MSAL (from `../../../node_modules/@rnx-kit/react-native-test-app-msal`)"
  - ReactTestApp-Resources (from `..`)
  - "RNXAuth (from `../../../node_modules/@rnx-kit/react-native-auth`)"
  - Yoga (from `../../../node_modules/react-native-macos/ReactCommon/yoga`)

SPEC REPOS:
  trunk:
    - fmt
    - MSAL
    - SocketRocket

EXTERNAL SOURCES:
  boost:
    :podspec: "../../../node_modules/react-native-macos/third-party-podspecs/boost.podspec"
  DoubleConversion:
    :podspec: "../../../node_modules/react-native-macos/third-party-podspecs/DoubleConversion.podspec"
  FBLazyVector:
    :path: "../../../node_modules/react-native-macos/Libraries/FBLazyVector"
  FBReactNativeSpec:
    :path: "../../../node_modules/react-native-macos/React/FBReactNativeSpec"
  glog:
    :podspec: "../../../node_modules/react-native-macos/third-party-podspecs/glog.podspec"
  RCT-Folly:
    :podspec: "../../../node_modules/react-native-macos/third-party-podspecs/RCT-Folly.podspec"
  RCTRequired:
    :path: "../../../node_modules/react-native-macos/Libraries/RCTRequired"
  RCTTypeSafety:
    :path: "../../../node_modules/react-native-macos/Libraries/TypeSafety"
  React:
    :path: "../../../node_modules/react-native-macos/"
  React-callinvoker:
    :path: "../../../node_modules/react-native-macos/ReactCommon/callinvoker"
  React-Codegen:
    :path: build/generated/ios
  React-Core:
    :path: "../../../node_modules/react-native-macos/"
  React-CoreModules:
    :path: "../../../node_modules/react-native-macos/React/CoreModules"
  React-cxxreact:
    :path: "../../../node_modules/react-native-macos/ReactCommon/cxxreact"
  React-jsc:
    :path: "../../../node_modules/react-native-macos/ReactCommon/jsc"
  React-jsi:
    :path: "../../../node_modules/react-native-macos/ReactCommon/jsi"
  React-jsiexecutor:
    :path: "../../../node_modules/react-native-macos/ReactCommon/jsiexecutor"
  React-jsinspector:
    :path: "../../../node_modules/react-native-macos/ReactCommon/jsinspector"
  React-logger:
    :path: "../../../node_modules/react-native-macos/ReactCommon/logger"
  React-perflogger:
    :path: "../../../node_modules/react-native-macos/ReactCommon/reactperflogger"
  React-RCTActionSheet:
    :path: "../../../node_modules/react-native-macos/Libraries/ActionSheetIOS"
  React-RCTAnimation:
    :path: "../../../node_modules/react-native-macos/Libraries/NativeAnimation"
  React-RCTAppDelegate:
    :path: "../../../node_modules/react-native-macos/Libraries/AppDelegate"
  React-RCTBlob:
    :path: "../../../node_modules/react-native-macos/Libraries/Blob"
  React-RCTImage:
    :path: "../../../node_modules/react-native-macos/Libraries/Image"
  React-RCTLinking:
    :path: "../../../node_modules/react-native-macos/Libraries/LinkingIOS"
  React-RCTNetwork:
    :path: "../../../node_modules/react-native-macos/Libraries/Network"
  React-RCTSettings:
    :path: "../../../node_modules/react-native-macos/Libraries/Settings"
  React-RCTText:
    :path: "../../../node_modules/react-native-macos/Libraries/Text"
  React-RCTVibration:
    :path: "../../../node_modules/react-native-macos/Libraries/Vibration"
  React-runtimeexecutor:
    :path: "../../../node_modules/react-native-macos/ReactCommon/runtimeexecutor"
  ReactCommon:
    :path: "../../../node_modules/react-native-macos/ReactCommon"
  ReactNativeHost:
    :path: "../../../node_modules/@rnx-kit/react-native-host"
  ReactTestApp-DevSupport:
    :path: "../../../node_modules/react-native-test-app"
  ReactTestApp-MSAL:
    :path: "../../../node_modules/@rnx-kit/react-native-test-app-msal"
  ReactTestApp-Resources:
    :path: ".."
  RNXAuth:
    :path: "../../../node_modules/@rnx-kit/react-native-auth"
  Yoga:
    :path: "../../../node_modules/react-native-macos/ReactCommon/yoga"

SPEC CHECKSUMS:
  boost: 8fa3cd00fa17ef6c3221e5fd283fa93e81d23017
  DoubleConversion: acaf5db79676d2e9119015819153f0f99191de12
  FBLazyVector: c90460d8e6580dfc0614e709d2ef00aece49bcd3
  FBReactNativeSpec: 9b5e0496f28aded844e97744ceb834d0828d4768
  fmt: ff9d55029c625d3757ed641535fd4a75fedc7ce9
  glog: 6df0a3d6e2750a50609471fd1a01fd2948d405b5
  MSAL: 28bf71392a30e778d796f1cd7c2d1b45517e749d
  RCT-Folly: bf7b4921a91932051ebf1c5c2d297154b1fa3c8c
  RCTRequired: 40f06829bf6c64a49a38525fd03272b425ba9f41
  RCTTypeSafety: d2fb27d8d6b5f0da086aa90a8b761341191a5f7b
  React: 833f7cc9c141a8d17b47ce4712390022640eb9a2
  React-callinvoker: ad613e31030d5b796f5ec7867ab2b0e0721af7a8
  React-Codegen: 9e4f5eb4130004bc3c3b248fed5bd5e03aeef07f
  React-Core: 16c9b1a375409f3cb1f40b660613d09c134929ed
  React-CoreModules: 24a943d0d8c91bf45b3cb8b324c83edf8cfa98f0
  React-cxxreact: e7a4f0bdd96e7c808668992dbbe364faab770084
  React-jsc: fc4c901107d1e0d8b1797c04a8f84c7b50482d35
  React-jsi: 8473283daf3cfc1afd2ca670fc372885e2117cfa
  React-jsiexecutor: 4ab77c87b76b274f7e5ec4dda73d23b218cc229e
  React-jsinspector: 6430f8967ddece7816ea6543996febe376b30bf4
  React-logger: 71974b4189a2890b3ea41eb4407d2cea7d4a18cf
  React-perflogger: 6e8d0564889ef5776ce8b74af3fa6171255e49e0
  React-RCTActionSheet: 61e3cd07cb3812fffacbc971d4066133a9ae6a1a
  React-RCTAnimation: 65211f0189c2e69d3bcd57b04c94f3f934f987cc
  React-RCTAppDelegate: 95bf606fe01ae18705933dc4f21d1d19ed804bcd
  React-RCTBlob: 5e4df1dfeae4f5ee2b4a448ba11afdfd177d8d75
  React-RCTImage: 624f91d09bdd9f9c3100ceb15eda4c7baf1003c2
  React-RCTLinking: 9e45d1907e7b13ad68a5b55bad8df89d9e60fcd6
  React-RCTNetwork: 35069ee994123b8b9dace925df877c2179083b4d
  React-RCTSettings: ae66256f35d39abeb690467a77ca4b0d109303cb
  React-RCTText: 90f5a5859fe8654152ef06d061b3150157ab3942
  React-RCTVibration: 29199f6bca3287c904ea3a1863bedaffa0f4c67e
  React-runtimeexecutor: b81de11dcc23d06ccd83701da4d97c6ef192bd4c
  ReactCommon: 9127bb43b4bd5d6e9fb9963fee0714cb1fbf4343
  ReactNativeHost: 5caf8c9381f26c453fabbe8c3b87f6a013a3c459
  ReactTestApp-DevSupport: 9b9eb9bf56d1a2f3ce71875c20597decdc04683c
  ReactTestApp-MSAL: 10b54d7d435128a3a3d2ca56aeabd17cf72080d2
  ReactTestApp-Resources: bb546b3a5dca4b7931bee423d4ef28cd94b346cf
  RNXAuth: aebb79490c3998a43fe499d2f5745ef085168705
  SocketRocket: abac6f5de4d4d62d24e11868d7a2f427e0ef940d
  Yoga: d4abd5bb2f8f5ede1f7ef80389ae2940f0022149

PODFILE CHECKSUM: 30b8aa30eb4eedd7c154dfbbfae609c9f071443d

COCOAPODS: 1.12.1
