PODS:
  - boost (1.76.0)
  - DoubleConversion (1.1.6)
  - FBLazyVector (0.68.66)
  - FBReactNativeSpec (0.68.66):
    - RCT-Folly (= 2021.06.28.00-v2)
    - RCTRequired (= 0.68.66)
    - RCTTypeSafety (= 0.68.66)
    - React-Core (= 0.68.66)
    - React-jsi (= 0.68.66)
    - ReactCommon/turbomodule/core (= 0.68.66)
  - fmt (6.2.1)
  - glog (0.3.5)
  - MSAL (1.2.3):
    - MSAL/app-lib (= 1.2.3)
  - MSAL/app-lib (1.2.3)
  - RCT-Folly (2021.06.28.00-v2):
    - boost
    - DoubleConversion
    - fmt (~> 6.2.1)
    - glog
    - RCT-Folly/Default (= 2021.06.28.00-v2)
  - RCT-Folly/Default (2021.06.28.00-v2):
    - boost
    - DoubleConversion
    - fmt (~> 6.2.1)
    - glog
  - RCTRequired (0.68.66)
  - RCTTypeSafety (0.68.66):
    - FBLazyVector (= 0.68.66)
    - RCT-Folly (= 2021.06.28.00-v2)
    - RCTRequired (= 0.68.66)
    - React-Core (= 0.68.66)
  - React (0.68.66):
    - React-Core (= 0.68.66)
    - React-Core/DevSupport (= 0.68.66)
    - React-Core/RCTWebSocket (= 0.68.66)
    - React-RCTActionSheet (= 0.68.66)
    - React-RCTAnimation (= 0.68.66)
    - React-RCTBlob (= 0.68.66)
    - React-RCTImage (= 0.68.66)
    - React-RCTLinking (= 0.68.66)
    - React-RCTNetwork (= 0.68.66)
    - React-RCTSettings (= 0.68.66)
    - React-RCTText (= 0.68.66)
    - React-RCTVibration (= 0.68.66)
  - React-callinvoker (0.68.66)
  - React-Codegen (0.68.66):
    - FBReactNativeSpec (= 0.68.66)
    - RCT-Folly (= 2021.06.28.00-v2)
    - RCTRequired (= 0.68.66)
    - RCTTypeSafety (= 0.68.66)
    - React-Core (= 0.68.66)
    - React-jsi (= 0.68.66)
    - React-jsiexecutor (= 0.68.66)
    - ReactCommon/turbomodule/core (= 0.68.66)
  - React-Core (0.68.66):
    - glog
    - RCT-Folly (= 2021.06.28.00-v2)
    - React-Core/Default (= 0.68.66)
    - React-cxxreact (= 0.68.66)
    - React-jsi (= 0.68.66)
    - React-jsiexecutor (= 0.68.66)
    - React-perflogger (= 0.68.66)
    - Yoga
  - React-Core/CoreModulesHeaders (0.68.66):
    - glog
    - RCT-Folly (= 2021.06.28.00-v2)
    - React-Core/Default
    - React-cxxreact (= 0.68.66)
    - React-jsi (= 0.68.66)
    - React-jsiexecutor (= 0.68.66)
    - React-perflogger (= 0.68.66)
    - Yoga
  - React-Core/Default (0.68.66):
    - glog
    - RCT-Folly (= 2021.06.28.00-v2)
    - React-cxxreact (= 0.68.66)
    - React-jsi (= 0.68.66)
    - React-jsiexecutor (= 0.68.66)
    - React-perflogger (= 0.68.66)
    - Yoga
  - React-Core/DevSupport (0.68.66):
    - glog
    - RCT-Folly (= 2021.06.28.00-v2)
    - React-Core/Default (= 0.68.66)
    - React-Core/RCTWebSocket (= 0.68.66)
    - React-cxxreact (= 0.68.66)
    - React-jsi (= 0.68.66)
    - React-jsiexecutor (= 0.68.66)
    - React-jsinspector (= 0.68.66)
    - React-perflogger (= 0.68.66)
    - Yoga
  - React-Core/RCTActionSheetHeaders (0.68.66):
    - glog
    - RCT-Folly (= 2021.06.28.00-v2)
    - React-Core/Default
    - React-cxxreact (= 0.68.66)
    - React-jsi (= 0.68.66)
    - React-jsiexecutor (= 0.68.66)
    - React-perflogger (= 0.68.66)
    - Yoga
  - React-Core/RCTAnimationHeaders (0.68.66):
    - glog
    - RCT-Folly (= 2021.06.28.00-v2)
    - React-Core/Default
    - React-cxxreact (= 0.68.66)
    - React-jsi (= 0.68.66)
    - React-jsiexecutor (= 0.68.66)
    - React-perflogger (= 0.68.66)
    - Yoga
  - React-Core/RCTBlobHeaders (0.68.66):
    - glog
    - RCT-Folly (= 2021.06.28.00-v2)
    - React-Core/Default
    - React-cxxreact (= 0.68.66)
    - React-jsi (= 0.68.66)
    - React-jsiexecutor (= 0.68.66)
    - React-perflogger (= 0.68.66)
    - Yoga
  - React-Core/RCTImageHeaders (0.68.66):
    - glog
    - RCT-Folly (= 2021.06.28.00-v2)
    - React-Core/Default
    - React-cxxreact (= 0.68.66)
    - React-jsi (= 0.68.66)
    - React-jsiexecutor (= 0.68.66)
    - React-perflogger (= 0.68.66)
    - Yoga
  - React-Core/RCTLinkingHeaders (0.68.66):
    - glog
    - RCT-Folly (= 2021.06.28.00-v2)
    - React-Core/Default
    - React-cxxreact (= 0.68.66)
    - React-jsi (= 0.68.66)
    - React-jsiexecutor (= 0.68.66)
    - React-perflogger (= 0.68.66)
    - Yoga
  - React-Core/RCTNetworkHeaders (0.68.66):
    - glog
    - RCT-Folly (= 2021.06.28.00-v2)
    - React-Core/Default
    - React-cxxreact (= 0.68.66)
    - React-jsi (= 0.68.66)
    - React-jsiexecutor (= 0.68.66)
    - React-perflogger (= 0.68.66)
    - Yoga
  - React-Core/RCTSettingsHeaders (0.68.66):
    - glog
    - RCT-Folly (= 2021.06.28.00-v2)
    - React-Core/Default
    - React-cxxreact (= 0.68.66)
    - React-jsi (= 0.68.66)
    - React-jsiexecutor (= 0.68.66)
    - React-perflogger (= 0.68.66)
    - Yoga
  - React-Core/RCTTextHeaders (0.68.66):
    - glog
    - RCT-Folly (= 2021.06.28.00-v2)
    - React-Core/Default
    - React-cxxreact (= 0.68.66)
    - React-jsi (= 0.68.66)
    - React-jsiexecutor (= 0.68.66)
    - React-perflogger (= 0.68.66)
    - Yoga
  - React-Core/RCTVibrationHeaders (0.68.66):
    - glog
    - RCT-Folly (= 2021.06.28.00-v2)
    - React-Core/Default
    - React-cxxreact (= 0.68.66)
    - React-jsi (= 0.68.66)
    - React-jsiexecutor (= 0.68.66)
    - React-perflogger (= 0.68.66)
    - Yoga
  - React-Core/RCTWebSocket (0.68.66):
    - glog
    - RCT-Folly (= 2021.06.28.00-v2)
    - React-Core/Default (= 0.68.66)
    - React-cxxreact (= 0.68.66)
    - React-jsi (= 0.68.66)
    - React-jsiexecutor (= 0.68.66)
    - React-perflogger (= 0.68.66)
    - Yoga
  - React-CoreModules (0.68.66):
    - RCT-Folly (= 2021.06.28.00-v2)
    - RCTTypeSafety (= 0.68.66)
    - React-Codegen (= 0.68.66)
    - React-Core/CoreModulesHeaders (= 0.68.66)
    - React-jsi (= 0.68.66)
    - React-RCTImage (= 0.68.66)
    - ReactCommon/turbomodule/core (= 0.68.66)
  - React-cxxreact (0.68.66):
    - boost (= 1.76.0)
    - DoubleConversion
    - glog
    - RCT-Folly (= 2021.06.28.00-v2)
    - React-callinvoker (= 0.68.66)
    - React-jsi (= 0.68.66)
    - React-jsinspector (= 0.68.66)
    - React-logger (= 0.68.66)
    - React-perflogger (= 0.68.66)
    - React-runtimeexecutor (= 0.68.66)
  - React-jsi (0.68.66):
    - boost (= 1.76.0)
    - DoubleConversion
    - glog
    - RCT-Folly (= 2021.06.28.00-v2)
    - React-jsi/Default (= 0.68.66)
  - React-jsi/Default (0.68.66):
    - boost (= 1.76.0)
    - DoubleConversion
    - glog
    - RCT-Folly (= 2021.06.28.00-v2)
  - React-jsiexecutor (0.68.66):
    - DoubleConversion
    - glog
    - RCT-Folly (= 2021.06.28.00-v2)
    - React-cxxreact (= 0.68.66)
    - React-jsi (= 0.68.66)
    - React-perflogger (= 0.68.66)
  - React-jsinspector (0.68.66)
  - React-logger (0.68.66):
    - glog
  - React-perflogger (0.68.66)
  - React-RCTActionSheet (0.68.66):
    - React-Core/RCTActionSheetHeaders (= 0.68.66)
  - React-RCTAnimation (0.68.66):
    - RCT-Folly (= 2021.06.28.00-v2)
    - RCTTypeSafety (= 0.68.66)
    - React-Codegen (= 0.68.66)
    - React-Core/RCTAnimationHeaders (= 0.68.66)
    - React-jsi (= 0.68.66)
    - ReactCommon/turbomodule/core (= 0.68.66)
  - React-RCTBlob (0.68.66):
    - RCT-Folly (= 2021.06.28.00-v2)
    - React-Codegen (= 0.68.66)
    - React-Core/RCTBlobHeaders (= 0.68.66)
    - React-Core/RCTWebSocket (= 0.68.66)
    - React-jsi (= 0.68.66)
    - React-RCTNetwork (= 0.68.66)
    - ReactCommon/turbomodule/core (= 0.68.66)
  - React-RCTImage (0.68.66):
    - RCT-Folly (= 2021.06.28.00-v2)
    - RCTTypeSafety (= 0.68.66)
    - React-Codegen (= 0.68.66)
    - React-Core/RCTImageHeaders (= 0.68.66)
    - React-jsi (= 0.68.66)
    - React-RCTNetwork (= 0.68.66)
    - ReactCommon/turbomodule/core (= 0.68.66)
  - React-RCTLinking (0.68.66):
    - React-Codegen (= 0.68.66)
    - React-Core/RCTLinkingHeaders (= 0.68.66)
    - React-jsi (= 0.68.66)
    - ReactCommon/turbomodule/core (= 0.68.66)
  - React-RCTNetwork (0.68.66):
    - RCT-Folly (= 2021.06.28.00-v2)
    - RCTTypeSafety (= 0.68.66)
    - React-Codegen (= 0.68.66)
    - React-Core/RCTNetworkHeaders (= 0.68.66)
    - React-jsi (= 0.68.66)
    - ReactCommon/turbomodule/core (= 0.68.66)
  - React-RCTSettings (0.68.66):
    - RCT-Folly (= 2021.06.28.00-v2)
    - RCTTypeSafety (= 0.68.66)
    - React-Codegen (= 0.68.66)
    - React-Core/RCTSettingsHeaders (= 0.68.66)
    - React-jsi (= 0.68.66)
    - ReactCommon/turbomodule/core (= 0.68.66)
  - React-RCTText (0.68.66):
    - React-Core/RCTTextHeaders (= 0.68.66)
  - React-RCTVibration (0.68.66):
    - RCT-Folly (= 2021.06.28.00-v2)
    - React-Codegen (= 0.68.66)
    - React-Core/RCTVibrationHeaders (= 0.68.66)
    - React-jsi (= 0.68.66)
    - ReactCommon/turbomodule/core (= 0.68.66)
  - React-runtimeexecutor (0.68.66):
    - React-jsi (= 0.68.66)
  - ReactCommon/turbomodule/core (0.68.66):
    - DoubleConversion
    - glog
    - RCT-Folly (= 2021.06.28.00-v2)
    - React-callinvoker (= 0.68.66)
    - React-Core (= 0.68.66)
    - React-cxxreact (= 0.68.66)
    - React-jsi (= 0.68.66)
    - React-logger (= 0.68.66)
    - React-perflogger (= 0.68.66)
  - ReactNativeHost (0.1.0):
    - React-Core
    - React-cxxreact
  - ReactTestApp-DevSupport (2.3.12):
    - React-Core
    - React-jsi
  - ReactTestApp-MSAL (2.1.1):
    - MSAL
    - RNXAuth
  - ReactTestApp-Resources (1.0.0-dev)
  - RNXAuth (0.2.1):
    - React-Core
  - Yoga (1.14.0)

DEPENDENCIES:
  - boost (from `../../../node_modules/react-native-macos/third-party-podspecs/boost.podspec`)
  - DoubleConversion (from `../../../node_modules/react-native-macos/third-party-podspecs/DoubleConversion.podspec`)
  - FBLazyVector (from `../../../node_modules/react-native-macos/Libraries/FBLazyVector`)
  - FBReactNativeSpec (from `../../../node_modules/react-native-macos/React/FBReactNativeSpec`)
  - glog (from `../../../node_modules/react-native-macos/third-party-podspecs/glog.podspec`)
  - MSAL
  - RCT-Folly (from `../../../node_modules/react-native-macos/third-party-podspecs/RCT-Folly.podspec`)
  - RCTRequired (from `../../../node_modules/react-native-macos/Libraries/RCTRequired`)
  - RCTTypeSafety (from `../../../node_modules/react-native-macos/Libraries/TypeSafety`)
  - React (from `../../../node_modules/react-native-macos/`)
  - React-callinvoker (from `../../../node_modules/react-native-macos/ReactCommon/callinvoker`)
  - React-Codegen (from `build/generated/ios`)
  - React-Core (from `../../../node_modules/react-native-macos/`)
  - React-Core/DevSupport (from `../../../node_modules/react-native-macos/`)
  - React-Core/RCTWebSocket (from `../../../node_modules/react-native-macos/`)
  - React-CoreModules (from `../../../node_modules/react-native-macos/React/CoreModules`)
  - React-cxxreact (from `../../../node_modules/react-native-macos/ReactCommon/cxxreact`)
  - React-jsi (from `../../../node_modules/react-native-macos/ReactCommon/jsi`)
  - React-jsiexecutor (from `../../../node_modules/react-native-macos/ReactCommon/jsiexecutor`)
  - React-jsinspector (from `../../../node_modules/react-native-macos/ReactCommon/jsinspector`)
  - React-logger (from `../../../node_modules/react-native-macos/ReactCommon/logger`)
  - React-perflogger (from `../../../node_modules/react-native-macos/ReactCommon/reactperflogger`)
  - React-RCTActionSheet (from `../../../node_modules/react-native-macos/Libraries/ActionSheetIOS`)
  - React-RCTAnimation (from `../../../node_modules/react-native-macos/Libraries/NativeAnimation`)
  - React-RCTBlob (from `../../../node_modules/react-native-macos/Libraries/Blob`)
  - React-RCTImage (from `../../../node_modules/react-native-macos/Libraries/Image`)
  - React-RCTLinking (from `../../../node_modules/react-native-macos/Libraries/LinkingIOS`)
  - React-RCTNetwork (from `../../../node_modules/react-native-macos/Libraries/Network`)
  - React-RCTSettings (from `../../../node_modules/react-native-macos/Libraries/Settings`)
  - React-RCTText (from `../../../node_modules/react-native-macos/Libraries/Text`)
  - React-RCTVibration (from `../../../node_modules/react-native-macos/Libraries/Vibration`)
  - React-runtimeexecutor (from `../../../node_modules/react-native-macos/ReactCommon/runtimeexecutor`)
  - ReactCommon/turbomodule/core (from `../../../node_modules/react-native-macos/ReactCommon`)
  - ReactNativeHost (from `../../react-native-host`)
  - ReactTestApp-DevSupport (from `../../../node_modules/react-native-test-app`)
  - ReactTestApp-MSAL (from `../../react-native-test-app-msal`)
  - ReactTestApp-Resources (from `..`)
  - RNXAuth (from `../../react-native-auth`)
  - Yoga (from `../../../node_modules/react-native-macos/ReactCommon/yoga`)

SPEC REPOS:
  trunk:
    - fmt
    - MSAL

EXTERNAL SOURCES:
  boost:
    :podspec: "../../../node_modules/react-native-macos/third-party-podspecs/boost.podspec"
  DoubleConversion:
    :podspec: "../../../node_modules/react-native-macos/third-party-podspecs/DoubleConversion.podspec"
  FBLazyVector:
    :path: "../../../node_modules/react-native-macos/Libraries/FBLazyVector"
  FBReactNativeSpec:
    :path: "../../../node_modules/react-native-macos/React/FBReactNativeSpec"
  glog:
    :podspec: "../../../node_modules/react-native-macos/third-party-podspecs/glog.podspec"
  RCT-Folly:
    :podspec: "../../../node_modules/react-native-macos/third-party-podspecs/RCT-Folly.podspec"
  RCTRequired:
    :path: "../../../node_modules/react-native-macos/Libraries/RCTRequired"
  RCTTypeSafety:
    :path: "../../../node_modules/react-native-macos/Libraries/TypeSafety"
  React:
    :path: "../../../node_modules/react-native-macos/"
  React-callinvoker:
    :path: "../../../node_modules/react-native-macos/ReactCommon/callinvoker"
  React-Codegen:
    :path: build/generated/ios
  React-Core:
    :path: "../../../node_modules/react-native-macos/"
  React-CoreModules:
    :path: "../../../node_modules/react-native-macos/React/CoreModules"
  React-cxxreact:
    :path: "../../../node_modules/react-native-macos/ReactCommon/cxxreact"
  React-jsi:
    :path: "../../../node_modules/react-native-macos/ReactCommon/jsi"
  React-jsiexecutor:
    :path: "../../../node_modules/react-native-macos/ReactCommon/jsiexecutor"
  React-jsinspector:
    :path: "../../../node_modules/react-native-macos/ReactCommon/jsinspector"
  React-logger:
    :path: "../../../node_modules/react-native-macos/ReactCommon/logger"
  React-perflogger:
    :path: "../../../node_modules/react-native-macos/ReactCommon/reactperflogger"
  React-RCTActionSheet:
    :path: "../../../node_modules/react-native-macos/Libraries/ActionSheetIOS"
  React-RCTAnimation:
    :path: "../../../node_modules/react-native-macos/Libraries/NativeAnimation"
  React-RCTBlob:
    :path: "../../../node_modules/react-native-macos/Libraries/Blob"
  React-RCTImage:
    :path: "../../../node_modules/react-native-macos/Libraries/Image"
  React-RCTLinking:
    :path: "../../../node_modules/react-native-macos/Libraries/LinkingIOS"
  React-RCTNetwork:
    :path: "../../../node_modules/react-native-macos/Libraries/Network"
  React-RCTSettings:
    :path: "../../../node_modules/react-native-macos/Libraries/Settings"
  React-RCTText:
    :path: "../../../node_modules/react-native-macos/Libraries/Text"
  React-RCTVibration:
    :path: "../../../node_modules/react-native-macos/Libraries/Vibration"
  React-runtimeexecutor:
    :path: "../../../node_modules/react-native-macos/ReactCommon/runtimeexecutor"
  ReactCommon:
    :path: "../../../node_modules/react-native-macos/ReactCommon"
  ReactNativeHost:
    :path: "../../react-native-host"
  ReactTestApp-DevSupport:
    :path: "../../../node_modules/react-native-test-app"
  ReactTestApp-MSAL:
    :path: "../../react-native-test-app-msal"
  ReactTestApp-Resources:
    :path: ".."
  RNXAuth:
    :path: "../../react-native-auth"
  Yoga:
    :path: "../../../node_modules/react-native-macos/ReactCommon/yoga"

SPEC CHECKSUMS:
  boost: 613e39eac4239cc72b15421247b5ab05361266a2
  DoubleConversion: ed15e075aa758ac0e4c1f8b830bd4e4d40d669e8
  FBLazyVector: 55c06d35bd70b5a578cba8c9f88de19bdfb264f5
  FBReactNativeSpec: 2f07435dfcaac32919a5ab3150dcad8b3479df94
  fmt: ff9d55029c625d3757ed641535fd4a75fedc7ce9
  glog: 20113a0d46931b6f096cf8302c68691d75a456ff
  MSAL: f8cbd986b401c947ae9b09f7dae652f95f60fce1
  RCT-Folly: 5544a3ff21f4406e70e92a8711598e97fc81517c
  RCTRequired: 310b4cc8ca8ef3ed38cdb70d2c4ba91360837a95
  RCTTypeSafety: 1d97a4a995aa16fc17a4ba4b5a2d41438b8155c5
  React: d7b4979fb798eb256b1731de746654b988bd26d1
  React-callinvoker: df042fbe7a272b3da48953143b9d3f47af539a3c
  React-Codegen: 6c9e0915b99ec945658119545646f807d6f29039
  React-Core: c438a92177b6ea11eca3ef369e31fe0023373ce4
  React-CoreModules: 56b1ce6033a7788aa09b9ac8540764060400a366
  React-cxxreact: 88c6440f2ae6b7098cb754d94b891ad8ebc6b7e0
  React-jsi: 5f8c4cc6913b1d8a7099551d6dc184d375bd922a
  React-jsiexecutor: 77985718d9a89c6b7f547372420c5608d7f7ccab
  React-jsinspector: 43175faeaad04f7f76a8a159d4fe8953f714bfc6
  React-logger: f88282cd40a0845743753e1c4a2fce29519963be
  React-perflogger: cf930b397ec692fa56958e38932d386c219a7d94
  React-RCTActionSheet: 4c6e6b19b4a6536c7e42e335a388373168f62ac4
  React-RCTAnimation: f8fa75b8f430e1d1e3b36fd78d1f5ec882f56e5d
  React-RCTBlob: a5c98b78b93be45391e2697c6a2d2fdf725916cb
  React-RCTImage: d8291ea3f1b36894521186b7423206f8bbeb7b5d
  React-RCTLinking: 753f2d8f7d2d1fd1c39b9eb91a03cd5da7e9e119
  React-RCTNetwork: b1639b623b255b3b5821743dc37887e69e6dc6d7
  React-RCTSettings: 4db3c44fd41de75f405d1ed3423d6d3ace1b699f
  React-RCTText: 11699c87ac515d7bde9173ae8e95afc8c6e42e6b
  React-RCTVibration: 5e01780eb45effeb1e538fc3c64ffa186423eb2a
  React-runtimeexecutor: 17ad66d482998fbe0a92253cced17a5cbc06a125
  ReactCommon: d4e6d01d12414c52ec5d0de14d9ad8cd5d09ad61
  ReactNativeHost: d9c1f2a984689724360dc98ef792533942d5cce0
  ReactTestApp-DevSupport: a33bfbe09dd21ff4ea512b117831db06174955b7
  ReactTestApp-MSAL: ad448d0b95393b58d1ec11d10f8c0cab226399d2
  ReactTestApp-Resources: bb546b3a5dca4b7931bee423d4ef28cd94b346cf
  RNXAuth: d37ae710b2ce38b5e0221015bd56ce710673c704
  Yoga: bb01caf02105a5b0cd8ea3b3d79d9884d503575c

PODFILE CHECKSUM: 30b8aa30eb4eedd7c154dfbbfae609c9f071443d

COCOAPODS: 1.12.0
