PODS:
  - boost (1.76.0)
  - DoubleConversion (1.1.6)
  - FBLazyVector (0.68.65)
  - FBReactNativeSpec (0.68.65):
    - RCT-Folly (= 2021.06.28.00-v2)
    - RCTRequired (= 0.68.65)
    - RCTTypeSafety (= 0.68.65)
    - React-Core (= 0.68.65)
    - React-jsi (= 0.68.65)
    - ReactCommon/turbomodule/core (= 0.68.65)
  - fmt (6.2.1)
  - glog (0.3.5)
  - MSAL (1.2.3):
    - MSAL/app-lib (= 1.2.3)
  - MSAL/app-lib (1.2.3)
  - RCT-Folly (2021.06.28.00-v2):
    - boost
    - DoubleConversion
    - fmt (~> 6.2.1)
    - glog
    - RCT-Folly/Default (= 2021.06.28.00-v2)
  - RCT-Folly/Default (2021.06.28.00-v2):
    - boost
    - DoubleConversion
    - fmt (~> 6.2.1)
    - glog
  - RCTRequired (0.68.65)
  - RCTTypeSafety (0.68.65):
    - FBLazyVector (= 0.68.65)
    - RCT-Folly (= 2021.06.28.00-v2)
    - RCTRequired (= 0.68.65)
    - React-Core (= 0.68.65)
  - React (0.68.65):
    - React-Core (= 0.68.65)
    - React-Core/DevSupport (= 0.68.65)
    - React-Core/RCTWebSocket (= 0.68.65)
    - React-RCTActionSheet (= 0.68.65)
    - React-RCTAnimation (= 0.68.65)
    - React-RCTBlob (= 0.68.65)
    - React-RCTImage (= 0.68.65)
    - React-RCTLinking (= 0.68.65)
    - React-RCTNetwork (= 0.68.65)
    - React-RCTSettings (= 0.68.65)
    - React-RCTText (= 0.68.65)
    - React-RCTVibration (= 0.68.65)
  - React-callinvoker (0.68.65)
  - React-Codegen (0.68.65):
    - FBReactNativeSpec (= 0.68.65)
    - RCT-Folly (= 2021.06.28.00-v2)
    - RCTRequired (= 0.68.65)
    - RCTTypeSafety (= 0.68.65)
    - React-Core (= 0.68.65)
    - React-jsi (= 0.68.65)
    - React-jsiexecutor (= 0.68.65)
    - ReactCommon/turbomodule/core (= 0.68.65)
  - React-Core (0.68.65):
    - glog
    - RCT-Folly (= 2021.06.28.00-v2)
    - React-Core/Default (= 0.68.65)
    - React-cxxreact (= 0.68.65)
    - React-jsi (= 0.68.65)
    - React-jsiexecutor (= 0.68.65)
    - React-perflogger (= 0.68.65)
    - Yoga
  - React-Core/CoreModulesHeaders (0.68.65):
    - glog
    - RCT-Folly (= 2021.06.28.00-v2)
    - React-Core/Default
    - React-cxxreact (= 0.68.65)
    - React-jsi (= 0.68.65)
    - React-jsiexecutor (= 0.68.65)
    - React-perflogger (= 0.68.65)
    - Yoga
  - React-Core/Default (0.68.65):
    - glog
    - RCT-Folly (= 2021.06.28.00-v2)
    - React-cxxreact (= 0.68.65)
    - React-jsi (= 0.68.65)
    - React-jsiexecutor (= 0.68.65)
    - React-perflogger (= 0.68.65)
    - Yoga
  - React-Core/DevSupport (0.68.65):
    - glog
    - RCT-Folly (= 2021.06.28.00-v2)
    - React-Core/Default (= 0.68.65)
    - React-Core/RCTWebSocket (= 0.68.65)
    - React-cxxreact (= 0.68.65)
    - React-jsi (= 0.68.65)
    - React-jsiexecutor (= 0.68.65)
    - React-jsinspector (= 0.68.65)
    - React-perflogger (= 0.68.65)
    - Yoga
  - React-Core/RCTActionSheetHeaders (0.68.65):
    - glog
    - RCT-Folly (= 2021.06.28.00-v2)
    - React-Core/Default
    - React-cxxreact (= 0.68.65)
    - React-jsi (= 0.68.65)
    - React-jsiexecutor (= 0.68.65)
    - React-perflogger (= 0.68.65)
    - Yoga
  - React-Core/RCTAnimationHeaders (0.68.65):
    - glog
    - RCT-Folly (= 2021.06.28.00-v2)
    - React-Core/Default
    - React-cxxreact (= 0.68.65)
    - React-jsi (= 0.68.65)
    - React-jsiexecutor (= 0.68.65)
    - React-perflogger (= 0.68.65)
    - Yoga
  - React-Core/RCTBlobHeaders (0.68.65):
    - glog
    - RCT-Folly (= 2021.06.28.00-v2)
    - React-Core/Default
    - React-cxxreact (= 0.68.65)
    - React-jsi (= 0.68.65)
    - React-jsiexecutor (= 0.68.65)
    - React-perflogger (= 0.68.65)
    - Yoga
  - React-Core/RCTImageHeaders (0.68.65):
    - glog
    - RCT-Folly (= 2021.06.28.00-v2)
    - React-Core/Default
    - React-cxxreact (= 0.68.65)
    - React-jsi (= 0.68.65)
    - React-jsiexecutor (= 0.68.65)
    - React-perflogger (= 0.68.65)
    - Yoga
  - React-Core/RCTLinkingHeaders (0.68.65):
    - glog
    - RCT-Folly (= 2021.06.28.00-v2)
    - React-Core/Default
    - React-cxxreact (= 0.68.65)
    - React-jsi (= 0.68.65)
    - React-jsiexecutor (= 0.68.65)
    - React-perflogger (= 0.68.65)
    - Yoga
  - React-Core/RCTNetworkHeaders (0.68.65):
    - glog
    - RCT-Folly (= 2021.06.28.00-v2)
    - React-Core/Default
    - React-cxxreact (= 0.68.65)
    - React-jsi (= 0.68.65)
    - React-jsiexecutor (= 0.68.65)
    - React-perflogger (= 0.68.65)
    - Yoga
  - React-Core/RCTSettingsHeaders (0.68.65):
    - glog
    - RCT-Folly (= 2021.06.28.00-v2)
    - React-Core/Default
    - React-cxxreact (= 0.68.65)
    - React-jsi (= 0.68.65)
    - React-jsiexecutor (= 0.68.65)
    - React-perflogger (= 0.68.65)
    - Yoga
  - React-Core/RCTTextHeaders (0.68.65):
    - glog
    - RCT-Folly (= 2021.06.28.00-v2)
    - React-Core/Default
    - React-cxxreact (= 0.68.65)
    - React-jsi (= 0.68.65)
    - React-jsiexecutor (= 0.68.65)
    - React-perflogger (= 0.68.65)
    - Yoga
  - React-Core/RCTVibrationHeaders (0.68.65):
    - glog
    - RCT-Folly (= 2021.06.28.00-v2)
    - React-Core/Default
    - React-cxxreact (= 0.68.65)
    - React-jsi (= 0.68.65)
    - React-jsiexecutor (= 0.68.65)
    - React-perflogger (= 0.68.65)
    - Yoga
  - React-Core/RCTWebSocket (0.68.65):
    - glog
    - RCT-Folly (= 2021.06.28.00-v2)
    - React-Core/Default (= 0.68.65)
    - React-cxxreact (= 0.68.65)
    - React-jsi (= 0.68.65)
    - React-jsiexecutor (= 0.68.65)
    - React-perflogger (= 0.68.65)
    - Yoga
  - React-CoreModules (0.68.65):
    - RCT-Folly (= 2021.06.28.00-v2)
    - RCTTypeSafety (= 0.68.65)
    - React-Codegen (= 0.68.65)
    - React-Core/CoreModulesHeaders (= 0.68.65)
    - React-jsi (= 0.68.65)
    - React-RCTImage (= 0.68.65)
    - ReactCommon/turbomodule/core (= 0.68.65)
  - React-cxxreact (0.68.65):
    - boost (= 1.76.0)
    - DoubleConversion
    - glog
    - RCT-Folly (= 2021.06.28.00-v2)
    - React-callinvoker (= 0.68.65)
    - React-jsi (= 0.68.65)
    - React-jsinspector (= 0.68.65)
    - React-logger (= 0.68.65)
    - React-perflogger (= 0.68.65)
    - React-runtimeexecutor (= 0.68.65)
  - React-jsi (0.68.65):
    - boost (= 1.76.0)
    - DoubleConversion
    - glog
    - RCT-Folly (= 2021.06.28.00-v2)
    - React-jsi/Default (= 0.68.65)
  - React-jsi/Default (0.68.65):
    - boost (= 1.76.0)
    - DoubleConversion
    - glog
    - RCT-Folly (= 2021.06.28.00-v2)
  - React-jsiexecutor (0.68.65):
    - DoubleConversion
    - glog
    - RCT-Folly (= 2021.06.28.00-v2)
    - React-cxxreact (= 0.68.65)
    - React-jsi (= 0.68.65)
    - React-perflogger (= 0.68.65)
  - React-jsinspector (0.68.65)
  - React-logger (0.68.65):
    - glog
  - React-perflogger (0.68.65)
  - React-RCTActionSheet (0.68.65):
    - React-Core/RCTActionSheetHeaders (= 0.68.65)
  - React-RCTAnimation (0.68.65):
    - RCT-Folly (= 2021.06.28.00-v2)
    - RCTTypeSafety (= 0.68.65)
    - React-Codegen (= 0.68.65)
    - React-Core/RCTAnimationHeaders (= 0.68.65)
    - React-jsi (= 0.68.65)
    - ReactCommon/turbomodule/core (= 0.68.65)
  - React-RCTBlob (0.68.65):
    - RCT-Folly (= 2021.06.28.00-v2)
    - React-Codegen (= 0.68.65)
    - React-Core/RCTBlobHeaders (= 0.68.65)
    - React-Core/RCTWebSocket (= 0.68.65)
    - React-jsi (= 0.68.65)
    - React-RCTNetwork (= 0.68.65)
    - ReactCommon/turbomodule/core (= 0.68.65)
  - React-RCTImage (0.68.65):
    - RCT-Folly (= 2021.06.28.00-v2)
    - RCTTypeSafety (= 0.68.65)
    - React-Codegen (= 0.68.65)
    - React-Core/RCTImageHeaders (= 0.68.65)
    - React-jsi (= 0.68.65)
    - React-RCTNetwork (= 0.68.65)
    - ReactCommon/turbomodule/core (= 0.68.65)
  - React-RCTLinking (0.68.65):
    - React-Codegen (= 0.68.65)
    - React-Core/RCTLinkingHeaders (= 0.68.65)
    - React-jsi (= 0.68.65)
    - ReactCommon/turbomodule/core (= 0.68.65)
  - React-RCTNetwork (0.68.65):
    - RCT-Folly (= 2021.06.28.00-v2)
    - RCTTypeSafety (= 0.68.65)
    - React-Codegen (= 0.68.65)
    - React-Core/RCTNetworkHeaders (= 0.68.65)
    - React-jsi (= 0.68.65)
    - ReactCommon/turbomodule/core (= 0.68.65)
  - React-RCTSettings (0.68.65):
    - RCT-Folly (= 2021.06.28.00-v2)
    - RCTTypeSafety (= 0.68.65)
    - React-Codegen (= 0.68.65)
    - React-Core/RCTSettingsHeaders (= 0.68.65)
    - React-jsi (= 0.68.65)
    - ReactCommon/turbomodule/core (= 0.68.65)
  - React-RCTText (0.68.65):
    - React-Core/RCTTextHeaders (= 0.68.65)
  - React-RCTVibration (0.68.65):
    - RCT-Folly (= 2021.06.28.00-v2)
    - React-Codegen (= 0.68.65)
    - React-Core/RCTVibrationHeaders (= 0.68.65)
    - React-jsi (= 0.68.65)
    - ReactCommon/turbomodule/core (= 0.68.65)
  - React-runtimeexecutor (0.68.65):
    - React-jsi (= 0.68.65)
  - ReactCommon/turbomodule/core (0.68.65):
    - DoubleConversion
    - glog
    - RCT-Folly (= 2021.06.28.00-v2)
    - React-callinvoker (= 0.68.65)
    - React-Core (= 0.68.65)
    - React-cxxreact (= 0.68.65)
    - React-jsi (= 0.68.65)
    - React-logger (= 0.68.65)
    - React-perflogger (= 0.68.65)
  - ReactNativeHost (0.1.0):
    - React-Core
  - ReactTestApp-DevSupport (2.3.9):
    - React-Core
    - React-jsi
  - ReactTestApp-MSAL (2.1.1):
    - MSAL
    - RNXAuth
  - ReactTestApp-Resources (1.0.0-dev)
  - RNXAuth (0.2.1):
    - React-Core
  - Yoga (1.14.0)

DEPENDENCIES:
  - boost (from `../../../node_modules/react-native-macos/third-party-podspecs/boost.podspec`)
  - DoubleConversion (from `../../../node_modules/react-native-macos/third-party-podspecs/DoubleConversion.podspec`)
  - FBLazyVector (from `../../../node_modules/react-native-macos/Libraries/FBLazyVector`)
  - FBReactNativeSpec (from `../../../node_modules/react-native-macos/React/FBReactNativeSpec`)
  - glog (from `../../../node_modules/react-native-macos/third-party-podspecs/glog.podspec`)
  - MSAL
  - RCT-Folly (from `../../../node_modules/react-native-macos/third-party-podspecs/RCT-Folly.podspec`)
  - RCTRequired (from `../../../node_modules/react-native-macos/Libraries/RCTRequired`)
  - RCTTypeSafety (from `../../../node_modules/react-native-macos/Libraries/TypeSafety`)
  - React (from `../../../node_modules/react-native-macos/`)
  - React-callinvoker (from `../../../node_modules/react-native-macos/ReactCommon/callinvoker`)
  - React-Codegen (from `build/generated/ios`)
  - React-Core (from `../../../node_modules/react-native-macos/`)
  - React-Core/DevSupport (from `../../../node_modules/react-native-macos/`)
  - React-Core/RCTWebSocket (from `../../../node_modules/react-native-macos/`)
  - React-CoreModules (from `../../../node_modules/react-native-macos/React/CoreModules`)
  - React-cxxreact (from `../../../node_modules/react-native-macos/ReactCommon/cxxreact`)
  - React-jsi (from `../../../node_modules/react-native-macos/ReactCommon/jsi`)
  - React-jsiexecutor (from `../../../node_modules/react-native-macos/ReactCommon/jsiexecutor`)
  - React-jsinspector (from `../../../node_modules/react-native-macos/ReactCommon/jsinspector`)
  - React-logger (from `../../../node_modules/react-native-macos/ReactCommon/logger`)
  - React-perflogger (from `../../../node_modules/react-native-macos/ReactCommon/reactperflogger`)
  - React-RCTActionSheet (from `../../../node_modules/react-native-macos/Libraries/ActionSheetIOS`)
  - React-RCTAnimation (from `../../../node_modules/react-native-macos/Libraries/NativeAnimation`)
  - React-RCTBlob (from `../../../node_modules/react-native-macos/Libraries/Blob`)
  - React-RCTImage (from `../../../node_modules/react-native-macos/Libraries/Image`)
  - React-RCTLinking (from `../../../node_modules/react-native-macos/Libraries/LinkingIOS`)
  - React-RCTNetwork (from `../../../node_modules/react-native-macos/Libraries/Network`)
  - React-RCTSettings (from `../../../node_modules/react-native-macos/Libraries/Settings`)
  - React-RCTText (from `../../../node_modules/react-native-macos/Libraries/Text`)
  - React-RCTVibration (from `../../../node_modules/react-native-macos/Libraries/Vibration`)
  - React-runtimeexecutor (from `../../../node_modules/react-native-macos/ReactCommon/runtimeexecutor`)
  - ReactCommon/turbomodule/core (from `../../../node_modules/react-native-macos/ReactCommon`)
  - ReactNativeHost (from `../../react-native-host`)
  - ReactTestApp-DevSupport (from `../../../node_modules/react-native-test-app`)
  - ReactTestApp-MSAL (from `../../react-native-test-app-msal`)
  - ReactTestApp-Resources (from `..`)
  - RNXAuth (from `../../react-native-auth`)
  - Yoga (from `../../../node_modules/react-native-macos/ReactCommon/yoga`)

SPEC REPOS:
  trunk:
    - fmt
    - MSAL

EXTERNAL SOURCES:
  boost:
    :podspec: "../../../node_modules/react-native-macos/third-party-podspecs/boost.podspec"
  DoubleConversion:
    :podspec: "../../../node_modules/react-native-macos/third-party-podspecs/DoubleConversion.podspec"
  FBLazyVector:
    :path: "../../../node_modules/react-native-macos/Libraries/FBLazyVector"
  FBReactNativeSpec:
    :path: "../../../node_modules/react-native-macos/React/FBReactNativeSpec"
  glog:
    :podspec: "../../../node_modules/react-native-macos/third-party-podspecs/glog.podspec"
  RCT-Folly:
    :podspec: "../../../node_modules/react-native-macos/third-party-podspecs/RCT-Folly.podspec"
  RCTRequired:
    :path: "../../../node_modules/react-native-macos/Libraries/RCTRequired"
  RCTTypeSafety:
    :path: "../../../node_modules/react-native-macos/Libraries/TypeSafety"
  React:
    :path: "../../../node_modules/react-native-macos/"
  React-callinvoker:
    :path: "../../../node_modules/react-native-macos/ReactCommon/callinvoker"
  React-Codegen:
    :path: build/generated/ios
  React-Core:
    :path: "../../../node_modules/react-native-macos/"
  React-CoreModules:
    :path: "../../../node_modules/react-native-macos/React/CoreModules"
  React-cxxreact:
    :path: "../../../node_modules/react-native-macos/ReactCommon/cxxreact"
  React-jsi:
    :path: "../../../node_modules/react-native-macos/ReactCommon/jsi"
  React-jsiexecutor:
    :path: "../../../node_modules/react-native-macos/ReactCommon/jsiexecutor"
  React-jsinspector:
    :path: "../../../node_modules/react-native-macos/ReactCommon/jsinspector"
  React-logger:
    :path: "../../../node_modules/react-native-macos/ReactCommon/logger"
  React-perflogger:
    :path: "../../../node_modules/react-native-macos/ReactCommon/reactperflogger"
  React-RCTActionSheet:
    :path: "../../../node_modules/react-native-macos/Libraries/ActionSheetIOS"
  React-RCTAnimation:
    :path: "../../../node_modules/react-native-macos/Libraries/NativeAnimation"
  React-RCTBlob:
    :path: "../../../node_modules/react-native-macos/Libraries/Blob"
  React-RCTImage:
    :path: "../../../node_modules/react-native-macos/Libraries/Image"
  React-RCTLinking:
    :path: "../../../node_modules/react-native-macos/Libraries/LinkingIOS"
  React-RCTNetwork:
    :path: "../../../node_modules/react-native-macos/Libraries/Network"
  React-RCTSettings:
    :path: "../../../node_modules/react-native-macos/Libraries/Settings"
  React-RCTText:
    :path: "../../../node_modules/react-native-macos/Libraries/Text"
  React-RCTVibration:
    :path: "../../../node_modules/react-native-macos/Libraries/Vibration"
  React-runtimeexecutor:
    :path: "../../../node_modules/react-native-macos/ReactCommon/runtimeexecutor"
  ReactCommon:
    :path: "../../../node_modules/react-native-macos/ReactCommon"
  ReactNativeHost:
    :path: "../../react-native-host"
  ReactTestApp-DevSupport:
    :path: "../../../node_modules/react-native-test-app"
  ReactTestApp-MSAL:
    :path: "../../react-native-test-app-msal"
  ReactTestApp-Resources:
    :path: ".."
  RNXAuth:
    :path: "../../react-native-auth"
  Yoga:
    :path: "../../../node_modules/react-native-macos/ReactCommon/yoga"

SPEC CHECKSUMS:
  boost: 613e39eac4239cc72b15421247b5ab05361266a2
  DoubleConversion: ed15e075aa758ac0e4c1f8b830bd4e4d40d669e8
  FBLazyVector: 10bad64b5f98b1904f9768a01ff5c422139b126f
  FBReactNativeSpec: eae62fe7069a9ca737ce887b9067cc11e8a93fe6
  fmt: ff9d55029c625d3757ed641535fd4a75fedc7ce9
  glog: 20113a0d46931b6f096cf8302c68691d75a456ff
  MSAL: f8cbd986b401c947ae9b09f7dae652f95f60fce1
  RCT-Folly: 5544a3ff21f4406e70e92a8711598e97fc81517c
  RCTRequired: 294911af81deff399dd63b8da2c0538c96c3d57f
  RCTTypeSafety: 11c2cdd6044ec4e83db2339dd169d9a5364b51e4
  React: 336643db5a50b597a9ead56292592b0066725013
  React-callinvoker: f552644c3afbf3988a7c5766644b10e82d2246d8
  React-Codegen: 3c0bd968cae59c551b9735c9a9dbaa0df400fb54
  React-Core: 20c70ab27242a8c1561f2484cfa2319e9794edd0
  React-CoreModules: 460be4aaead5a68e1dbc6735a5ec68f113c742d8
  React-cxxreact: c64892dd1540e67f2cf0661f569621ae0f99d9f1
  React-jsi: 0f24bbdaf2a3bd2db893a8339a8f2f21f9e12ee5
  React-jsiexecutor: 3bff284df065adc8b5ec270ae7f4882a986ea043
  React-jsinspector: 170a05d04c3332cdf527fc11edaf9339946b2e52
  React-logger: ab197d2f083fb6b3dac9094560e4c0c4eb4a4173
  React-perflogger: eb1f5dc5d0b0a80668496e4bd18da9503bd076c9
  React-RCTActionSheet: 4bda8dd5ea22934cf9f6a4d6ad2b092f141d29e6
  React-RCTAnimation: e3df1c77992c017351fd246164559c042ab14a23
  React-RCTBlob: 84a8dfd335cf1c2308029f24b6b9132100012e4a
  React-RCTImage: 4a67a4607477ea8d4897b28923dec1cbf073dba3
  React-RCTLinking: 3d2cfcc3c66c504c4ffb4d1066be4a977ed6d5e8
  React-RCTNetwork: ba33ce2f501eecd6a8cd485f3363d91128a2d6a5
  React-RCTSettings: dff68c603daa4df9b7605e4c16719c446f730747
  React-RCTText: f7013b9981b316c46d17be0470d0bf8e198a1b5b
  React-RCTVibration: 5ec4be2ac6c129a61ef3bc4709fe5abe794903cf
  React-runtimeexecutor: da87ac4cfbc5b0bc996ac0e3254067aa1a3f2eab
  ReactCommon: 2e3041d2587079d4155c5c8c58ae646737e9e85b
  ReactNativeHost: 209c326959a22914b93049bbf958992d35de89a7
  ReactTestApp-DevSupport: 0eef2d0c339c998ab7d2033f5c8c7e6652d072e3
  ReactTestApp-MSAL: ad448d0b95393b58d1ec11d10f8c0cab226399d2
  ReactTestApp-Resources: bb546b3a5dca4b7931bee423d4ef28cd94b346cf
  RNXAuth: d37ae710b2ce38b5e0221015bd56ce710673c704
  Yoga: c99c256e5e031f07f7449c6857e079bbbc02fa4b

PODFILE CHECKSUM: 30b8aa30eb4eedd7c154dfbbfae609c9f071443d

COCOAPODS: 1.11.3
