PODS:
  - boost (1.76.0)
  - DoubleConversion (1.1.6)
  - FBLazyVector (0.72.8)
  - FBReactNativeSpec (0.72.8):
    - RCT-Folly (= 2021.07.22.00)
    - RCTRequired (= 0.72.8)
    - RCTTypeSafety (= 0.72.8)
    - React-Core (= 0.72.8)
    - React-jsi (= 0.72.8)
    - ReactCommon/turbomodule/core (= 0.72.8)
  - fmt (6.2.1)
  - glog (0.3.5)
  - MSAL (1.2.10):
    - MSAL/app-lib (= 1.2.10)
  - MSAL/app-lib (1.2.10)
  - RCT-Folly (2021.07.22.00):
    - boost
    - DoubleConversion
    - fmt (~> 6.2.1)
    - glog
    - RCT-Folly/Default (= 2021.07.22.00)
  - RCT-Folly/Default (2021.07.22.00):
    - boost
    - DoubleConversion
    - fmt (~> 6.2.1)
    - glog
  - RCTRequired (0.72.8)
  - RCTTypeSafety (0.72.8):
    - FBLazyVector (= 0.72.8)
    - RCTRequired (= 0.72.8)
    - React-Core (= 0.72.8)
  - React (0.72.8):
    - React-Core (= 0.72.8)
    - React-Core/DevSupport (= 0.72.8)
    - React-Core/RCTWebSocket (= 0.72.8)
    - React-RCTActionSheet (= 0.72.8)
    - React-RCTAnimation (= 0.72.8)
    - React-RCTBlob (= 0.72.8)
    - React-RCTImage (= 0.72.8)
    - React-RCTLinking (= 0.72.8)
    - React-RCTNetwork (= 0.72.8)
    - React-RCTSettings (= 0.72.8)
    - React-RCTText (= 0.72.8)
    - React-RCTVibration (= 0.72.8)
  - React-callinvoker (0.72.8)
  - React-Codegen (0.72.8):
    - DoubleConversion
    - FBReactNativeSpec
    - glog
    - RCT-Folly
    - RCTRequired
    - RCTTypeSafety
    - React-Core
    - React-jsc
    - React-jsi
    - React-jsiexecutor
    - React-NativeModulesApple
    - React-rncore
    - ReactCommon/turbomodule/bridging
    - ReactCommon/turbomodule/core
  - React-Core (0.72.8):
    - glog
    - RCT-Folly (= 2021.07.22.00)
    - React-Core/Default (= 0.72.8)
    - React-cxxreact
    - React-jsc
    - React-jsi
    - React-jsiexecutor
    - React-perflogger
    - React-runtimeexecutor
    - React-utils
    - SocketRocket (= 0.6.1)
    - Yoga
  - React-Core/CoreModulesHeaders (0.72.8):
    - glog
    - RCT-Folly (= 2021.07.22.00)
    - React-Core/Default
    - React-cxxreact
    - React-jsc
    - React-jsi
    - React-jsiexecutor
    - React-perflogger
    - React-runtimeexecutor
    - React-utils
    - SocketRocket (= 0.6.1)
    - Yoga
  - React-Core/Default (0.72.8):
    - glog
    - RCT-Folly (= 2021.07.22.00)
    - React-cxxreact
    - React-jsc
    - React-jsi
    - React-jsiexecutor
    - React-perflogger
    - React-runtimeexecutor
    - React-utils
    - SocketRocket (= 0.6.1)
    - Yoga
  - React-Core/DevSupport (0.72.8):
    - glog
    - RCT-Folly (= 2021.07.22.00)
    - React-Core/Default (= 0.72.8)
    - React-Core/RCTWebSocket (= 0.72.8)
    - React-cxxreact
    - React-jsc
    - React-jsi
    - React-jsiexecutor
    - React-jsinspector (= 0.72.8)
    - React-perflogger
    - React-runtimeexecutor
    - React-utils
    - SocketRocket (= 0.6.1)
    - Yoga
  - React-Core/RCTActionSheetHeaders (0.72.8):
    - glog
    - RCT-Folly (= 2021.07.22.00)
    - React-Core/Default
    - React-cxxreact
    - React-jsc
    - React-jsi
    - React-jsiexecutor
    - React-perflogger
    - React-runtimeexecutor
    - React-utils
    - SocketRocket (= 0.6.1)
    - Yoga
  - React-Core/RCTAnimationHeaders (0.72.8):
    - glog
    - RCT-Folly (= 2021.07.22.00)
    - React-Core/Default
    - React-cxxreact
    - React-jsc
    - React-jsi
    - React-jsiexecutor
    - React-perflogger
    - React-runtimeexecutor
    - React-utils
    - SocketRocket (= 0.6.1)
    - Yoga
  - React-Core/RCTBlobHeaders (0.72.8):
    - glog
    - RCT-Folly (= 2021.07.22.00)
    - React-Core/Default
    - React-cxxreact
    - React-jsc
    - React-jsi
    - React-jsiexecutor
    - React-perflogger
    - React-runtimeexecutor
    - React-utils
    - SocketRocket (= 0.6.1)
    - Yoga
  - React-Core/RCTImageHeaders (0.72.8):
    - glog
    - RCT-Folly (= 2021.07.22.00)
    - React-Core/Default
    - React-cxxreact
    - React-jsc
    - React-jsi
    - React-jsiexecutor
    - React-perflogger
    - React-runtimeexecutor
    - React-utils
    - SocketRocket (= 0.6.1)
    - Yoga
  - React-Core/RCTLinkingHeaders (0.72.8):
    - glog
    - RCT-Folly (= 2021.07.22.00)
    - React-Core/Default
    - React-cxxreact
    - React-jsc
    - React-jsi
    - React-jsiexecutor
    - React-perflogger
    - React-runtimeexecutor
    - React-utils
    - SocketRocket (= 0.6.1)
    - Yoga
  - React-Core/RCTNetworkHeaders (0.72.8):
    - glog
    - RCT-Folly (= 2021.07.22.00)
    - React-Core/Default
    - React-cxxreact
    - React-jsc
    - React-jsi
    - React-jsiexecutor
    - React-perflogger
    - React-runtimeexecutor
    - React-utils
    - SocketRocket (= 0.6.1)
    - Yoga
  - React-Core/RCTSettingsHeaders (0.72.8):
    - glog
    - RCT-Folly (= 2021.07.22.00)
    - React-Core/Default
    - React-cxxreact
    - React-jsc
    - React-jsi
    - React-jsiexecutor
    - React-perflogger
    - React-runtimeexecutor
    - React-utils
    - SocketRocket (= 0.6.1)
    - Yoga
  - React-Core/RCTTextHeaders (0.72.8):
    - glog
    - RCT-Folly (= 2021.07.22.00)
    - React-Core/Default
    - React-cxxreact
    - React-jsc
    - React-jsi
    - React-jsiexecutor
    - React-perflogger
    - React-runtimeexecutor
    - React-utils
    - SocketRocket (= 0.6.1)
    - Yoga
  - React-Core/RCTVibrationHeaders (0.72.8):
    - glog
    - RCT-Folly (= 2021.07.22.00)
    - React-Core/Default
    - React-cxxreact
    - React-jsc
    - React-jsi
    - React-jsiexecutor
    - React-perflogger
    - React-runtimeexecutor
    - React-utils
    - SocketRocket (= 0.6.1)
    - Yoga
  - React-Core/RCTWebSocket (0.72.8):
    - glog
    - RCT-Folly (= 2021.07.22.00)
    - React-Core/Default (= 0.72.8)
    - React-cxxreact
    - React-jsc
    - React-jsi
    - React-jsiexecutor
    - React-perflogger
    - React-runtimeexecutor
    - React-utils
    - SocketRocket (= 0.6.1)
    - Yoga
  - React-CoreModules (0.72.8):
    - RCT-Folly (= 2021.07.22.00)
    - RCTTypeSafety (= 0.72.8)
    - React-Codegen (= 0.72.8)
    - React-Core/CoreModulesHeaders (= 0.72.8)
    - React-jsi (= 0.72.8)
    - React-RCTBlob
    - React-RCTImage (= 0.72.8)
    - ReactCommon/turbomodule/core (= 0.72.8)
    - SocketRocket (= 0.6.1)
  - React-cxxreact (0.72.8):
    - boost (= 1.76.0)
    - DoubleConversion
    - glog
    - RCT-Folly (= 2021.07.22.00)
    - React-callinvoker (= 0.72.8)
    - React-debug (= 0.72.8)
    - React-jsi (= 0.72.8)
    - React-jsinspector (= 0.72.8)
    - React-logger (= 0.72.8)
    - React-perflogger (= 0.72.8)
    - React-runtimeexecutor (= 0.72.8)
  - React-debug (0.72.8)
  - React-jsc (0.72.8):
    - React-jsc/Fabric (= 0.72.8)
    - React-jsi (= 0.72.8)
  - React-jsc/Fabric (0.72.8):
    - React-jsi (= 0.72.8)
  - React-jsi (0.72.8):
    - boost (= 1.76.0)
    - DoubleConversion
    - glog
    - RCT-Folly (= 2021.07.22.00)
  - React-jsiexecutor (0.72.8):
    - DoubleConversion
    - glog
    - RCT-Folly (= 2021.07.22.00)
    - React-cxxreact (= 0.72.8)
    - React-jsi (= 0.72.8)
    - React-perflogger (= 0.72.8)
  - React-jsinspector (0.72.8)
  - React-logger (0.72.8):
    - glog
  - React-NativeModulesApple (0.72.8):
    - React-callinvoker
    - React-Core
    - React-cxxreact
    - React-jsi
    - React-runtimeexecutor
    - ReactCommon/turbomodule/bridging
    - ReactCommon/turbomodule/core
  - React-perflogger (0.72.8)
  - React-RCTActionSheet (0.72.8):
    - React-Core/RCTActionSheetHeaders (= 0.72.8)
  - React-RCTAnimation (0.72.8):
    - RCT-Folly (= 2021.07.22.00)
    - RCTTypeSafety (= 0.72.8)
    - React-Codegen (= 0.72.8)
    - React-Core/RCTAnimationHeaders (= 0.72.8)
    - React-jsi (= 0.72.8)
    - ReactCommon/turbomodule/core (= 0.72.8)
  - React-RCTAppDelegate (0.72.8):
    - RCT-Folly
    - RCTRequired
    - RCTTypeSafety
    - React-Core
    - React-CoreModules
    - React-jsc
    - React-NativeModulesApple
    - React-RCTImage
    - React-RCTNetwork
    - React-runtimescheduler
    - ReactCommon/turbomodule/core
  - React-RCTBlob (0.72.8):
    - RCT-Folly (= 2021.07.22.00)
    - React-Codegen (= 0.72.8)
    - React-Core/RCTBlobHeaders (= 0.72.8)
    - React-Core/RCTWebSocket (= 0.72.8)
    - React-jsi (= 0.72.8)
    - React-RCTNetwork (= 0.72.8)
    - ReactCommon/turbomodule/core (= 0.72.8)
  - React-RCTImage (0.72.8):
    - RCT-Folly (= 2021.07.22.00)
    - RCTTypeSafety (= 0.72.8)
    - React-Codegen (= 0.72.8)
    - React-Core/RCTImageHeaders (= 0.72.8)
    - React-jsi (= 0.72.8)
    - React-RCTNetwork (= 0.72.8)
    - ReactCommon/turbomodule/core (= 0.72.8)
  - React-RCTLinking (0.72.8):
    - React-Codegen (= 0.72.8)
    - React-Core/RCTLinkingHeaders (= 0.72.8)
    - React-jsi (= 0.72.8)
    - ReactCommon/turbomodule/core (= 0.72.8)
  - React-RCTNetwork (0.72.8):
    - RCT-Folly (= 2021.07.22.00)
    - RCTTypeSafety (= 0.72.8)
    - React-Codegen (= 0.72.8)
    - React-Core/RCTNetworkHeaders (= 0.72.8)
    - React-jsi (= 0.72.8)
    - ReactCommon/turbomodule/core (= 0.72.8)
  - React-RCTSettings (0.72.8):
    - RCT-Folly (= 2021.07.22.00)
    - RCTTypeSafety (= 0.72.8)
    - React-Codegen (= 0.72.8)
    - React-Core/RCTSettingsHeaders (= 0.72.8)
    - React-jsi (= 0.72.8)
    - ReactCommon/turbomodule/core (= 0.72.8)
  - React-RCTText (0.72.8):
    - React-Core/RCTTextHeaders (= 0.72.8)
  - React-RCTVibration (0.72.8):
    - RCT-Folly (= 2021.07.22.00)
    - React-Codegen (= 0.72.8)
    - React-Core/RCTVibrationHeaders (= 0.72.8)
    - React-jsi (= 0.72.8)
    - ReactCommon/turbomodule/core (= 0.72.8)
  - React-rncore (0.72.8)
  - React-runtimeexecutor (0.72.8):
    - React-jsi (= 0.72.8)
  - React-runtimescheduler (0.72.8):
    - glog
    - RCT-Folly (= 2021.07.22.00)
    - React-callinvoker
    - React-debug
    - React-jsi
    - React-runtimeexecutor
  - React-utils (0.72.8):
    - glog
    - RCT-Folly (= 2021.07.22.00)
    - React-debug
  - ReactCommon/turbomodule/bridging (0.72.8):
    - DoubleConversion
    - glog
    - RCT-Folly (= 2021.07.22.00)
    - React-callinvoker (= 0.72.8)
    - React-cxxreact (= 0.72.8)
    - React-jsi (= 0.72.8)
    - React-logger (= 0.72.8)
    - React-perflogger (= 0.72.8)
  - ReactCommon/turbomodule/core (0.72.8):
    - DoubleConversion
    - glog
    - RCT-Folly (= 2021.07.22.00)
    - React-callinvoker (= 0.72.8)
    - React-cxxreact (= 0.72.8)
    - React-jsi (= 0.72.8)
    - React-logger (= 0.72.8)
    - React-perflogger (= 0.72.8)
  - ReactNativeHost (0.4.0):
    - React-Core
    - React-cxxreact
    - ReactCommon/turbomodule/core
  - ReactTestApp-DevSupport (3.0.9):
    - React-Core
    - React-jsi
  - ReactTestApp-MSAL (2.1.7):
    - MSAL
  - ReactTestApp-Resources (1.0.0-dev)
  - RNXAuth (0.2.4):
    - React-Core
  - SocketRocket (0.6.1)
  - Yoga (1.14.0)

DEPENDENCIES:
  - boost (from `../node_modules/react-native/third-party-podspecs/boost.podspec`)
  - DoubleConversion (from `../node_modules/react-native/third-party-podspecs/DoubleConversion.podspec`)
  - FBLazyVector (from `../node_modules/react-native/Libraries/FBLazyVector`)
  - FBReactNativeSpec (from `../node_modules/react-native/React/FBReactNativeSpec`)
  - glog (from `../node_modules/react-native/third-party-podspecs/glog.podspec`)
  - MSAL
  - RCT-Folly (from `../node_modules/react-native/third-party-podspecs/RCT-Folly.podspec`)
  - RCTRequired (from `../node_modules/react-native/Libraries/RCTRequired`)
  - RCTTypeSafety (from `../node_modules/react-native/Libraries/TypeSafety`)
  - React (from `../node_modules/react-native/`)
  - React-callinvoker (from `../node_modules/react-native/ReactCommon/callinvoker`)
  - React-Codegen (from `build/generated/ios`)
  - React-Core (from `../node_modules/react-native/`)
  - React-Core/RCTWebSocket (from `../node_modules/react-native/`)
  - React-CoreModules (from `../node_modules/react-native/React/CoreModules`)
  - React-cxxreact (from `../node_modules/react-native/ReactCommon/cxxreact`)
  - React-debug (from `../node_modules/react-native/ReactCommon/react/debug`)
  - React-jsc (from `../node_modules/react-native/ReactCommon/jsc`)
  - React-jsi (from `../node_modules/react-native/ReactCommon/jsi`)
  - React-jsiexecutor (from `../node_modules/react-native/ReactCommon/jsiexecutor`)
  - React-jsinspector (from `../node_modules/react-native/ReactCommon/jsinspector`)
  - React-logger (from `../node_modules/react-native/ReactCommon/logger`)
  - React-NativeModulesApple (from `../node_modules/react-native/ReactCommon/react/nativemodule/core/platform/ios`)
  - React-perflogger (from `../node_modules/react-native/ReactCommon/reactperflogger`)
  - React-RCTActionSheet (from `../node_modules/react-native/Libraries/ActionSheetIOS`)
  - React-RCTAnimation (from `../node_modules/react-native/Libraries/NativeAnimation`)
  - React-RCTAppDelegate (from `../node_modules/react-native/Libraries/AppDelegate`)
  - React-RCTBlob (from `../node_modules/react-native/Libraries/Blob`)
  - React-RCTImage (from `../node_modules/react-native/Libraries/Image`)
  - React-RCTLinking (from `../node_modules/react-native/Libraries/LinkingIOS`)
  - React-RCTNetwork (from `../node_modules/react-native/Libraries/Network`)
  - React-RCTSettings (from `../node_modules/react-native/Libraries/Settings`)
  - React-RCTText (from `../node_modules/react-native/Libraries/Text`)
  - React-RCTVibration (from `../node_modules/react-native/Libraries/Vibration`)
  - React-rncore (from `../node_modules/react-native/ReactCommon`)
  - React-runtimeexecutor (from `../node_modules/react-native/ReactCommon/runtimeexecutor`)
  - React-runtimescheduler (from `../node_modules/react-native/ReactCommon/react/renderer/runtimescheduler`)
  - React-utils (from `../node_modules/react-native/ReactCommon/react/utils`)
  - ReactCommon/turbomodule/core (from `../node_modules/react-native/ReactCommon`)
  - "ReactNativeHost (from `../../../node_modules/.store/react-native-test-app-virtual-ca5c45e20f/node_modules/react-native-test-app/node_modules/@rnx-kit/react-native-host`)"
  - ReactTestApp-DevSupport (from `../node_modules/react-native-test-app`)
  - "ReactTestApp-MSAL (from `../node_modules/@rnx-kit/react-native-test-app-msal`)"
  - ReactTestApp-Resources (from `..`)
  - "RNXAuth (from `../node_modules/@rnx-kit/react-native-auth`)"
  - Yoga (from `../node_modules/react-native/ReactCommon/yoga`)

SPEC REPOS:
  trunk:
    - fmt
    - MSAL
    - SocketRocket

EXTERNAL SOURCES:
  boost:
    :podspec: "../node_modules/react-native/third-party-podspecs/boost.podspec"
  DoubleConversion:
    :podspec: "../node_modules/react-native/third-party-podspecs/DoubleConversion.podspec"
  FBLazyVector:
    :path: "../node_modules/react-native/Libraries/FBLazyVector"
  FBReactNativeSpec:
    :path: "../node_modules/react-native/React/FBReactNativeSpec"
  glog:
    :podspec: "../node_modules/react-native/third-party-podspecs/glog.podspec"
  RCT-Folly:
    :podspec: "../node_modules/react-native/third-party-podspecs/RCT-Folly.podspec"
  RCTRequired:
    :path: "../node_modules/react-native/Libraries/RCTRequired"
  RCTTypeSafety:
    :path: "../node_modules/react-native/Libraries/TypeSafety"
  React:
    :path: "../node_modules/react-native/"
  React-callinvoker:
    :path: "../node_modules/react-native/ReactCommon/callinvoker"
  React-Codegen:
    :path: build/generated/ios
  React-Core:
    :path: "../node_modules/react-native/"
  React-CoreModules:
    :path: "../node_modules/react-native/React/CoreModules"
  React-cxxreact:
    :path: "../node_modules/react-native/ReactCommon/cxxreact"
  React-debug:
    :path: "../node_modules/react-native/ReactCommon/react/debug"
  React-jsc:
    :path: "../node_modules/react-native/ReactCommon/jsc"
  React-jsi:
    :path: "../node_modules/react-native/ReactCommon/jsi"
  React-jsiexecutor:
    :path: "../node_modules/react-native/ReactCommon/jsiexecutor"
  React-jsinspector:
    :path: "../node_modules/react-native/ReactCommon/jsinspector"
  React-logger:
    :path: "../node_modules/react-native/ReactCommon/logger"
  React-NativeModulesApple:
    :path: "../node_modules/react-native/ReactCommon/react/nativemodule/core/platform/ios"
  React-perflogger:
    :path: "../node_modules/react-native/ReactCommon/reactperflogger"
  React-RCTActionSheet:
    :path: "../node_modules/react-native/Libraries/ActionSheetIOS"
  React-RCTAnimation:
    :path: "../node_modules/react-native/Libraries/NativeAnimation"
  React-RCTAppDelegate:
    :path: "../node_modules/react-native/Libraries/AppDelegate"
  React-RCTBlob:
    :path: "../node_modules/react-native/Libraries/Blob"
  React-RCTImage:
    :path: "../node_modules/react-native/Libraries/Image"
  React-RCTLinking:
    :path: "../node_modules/react-native/Libraries/LinkingIOS"
  React-RCTNetwork:
    :path: "../node_modules/react-native/Libraries/Network"
  React-RCTSettings:
    :path: "../node_modules/react-native/Libraries/Settings"
  React-RCTText:
    :path: "../node_modules/react-native/Libraries/Text"
  React-RCTVibration:
    :path: "../node_modules/react-native/Libraries/Vibration"
  React-rncore:
    :path: "../node_modules/react-native/ReactCommon"
  React-runtimeexecutor:
    :path: "../node_modules/react-native/ReactCommon/runtimeexecutor"
  React-runtimescheduler:
    :path: "../node_modules/react-native/ReactCommon/react/renderer/runtimescheduler"
  React-utils:
    :path: "../node_modules/react-native/ReactCommon/react/utils"
  ReactCommon:
    :path: "../node_modules/react-native/ReactCommon"
  ReactNativeHost:
    :path: "../../../node_modules/.store/react-native-test-app-virtual-ca5c45e20f/node_modules/react-native-test-app/node_modules/@rnx-kit/react-native-host"
  ReactTestApp-DevSupport:
    :path: "../node_modules/react-native-test-app"
  ReactTestApp-MSAL:
    :path: "../node_modules/@rnx-kit/react-native-test-app-msal"
  ReactTestApp-Resources:
    :path: ".."
  RNXAuth:
    :path: "../node_modules/@rnx-kit/react-native-auth"
  Yoga:
    :path: "../node_modules/react-native/ReactCommon/yoga"

SPEC CHECKSUMS:
  boost: 7dcd2de282d72e344012f7d6564d024930a6a440
  DoubleConversion: 5189b271737e1565bdce30deb4a08d647e3f5f54
  FBLazyVector: df077ae30c8148bcfdc8f886450eb2eefb94a5be
  FBReactNativeSpec: c4dd57f1fcd0c3655434894ca594d43fc4cf9337
  fmt: ff9d55029c625d3757ed641535fd4a75fedc7ce9
  glog: 04b94705f318337d7ead9e6d17c019bd9b1f6b1b
  MSAL: 770fb0326a468e8a69bae03b6cf288076a2df1c9
  RCT-Folly: 424b8c9a7a0b9ab2886ffe9c3b041ef628fd4fb1
  RCTRequired: 182d3e71f3ee4edfa87d4bf82eeea61510922b2a
  RCTTypeSafety: 61b90f18bbc961c01ae4cfcb80830953eca73573
  React: 1beea0f4f564f96b94159811340b6c09dc61530b
  React-callinvoker: 2e055aa95f8169c20fade24f82c49a190ab7de45
  React-Codegen: 5875b8bc12baf3a9212bade358ea2e3faa583d6e
  React-Core: 2ffea5302003156ff41310eabc2b4435f0cb1d83
  React-CoreModules: 6e57bbb2ac83e5dd4c960ce3218f4fb3ac923bb9
  React-cxxreact: 51b3b5e42cf304e7c4b7781ea06bd5dc58b610b8
  React-debug: 0ee4c115f009d421088b781241080fa9b9e9c9de
  React-jsc: 0dedd0e06f416153aa2ca08bcd78057fa4ee563f
  React-jsi: 68d5d067dd830235ad9406acff0ea26f3038b5e7
  React-jsiexecutor: 818e03cc244596c7c2468e8cf086ba36ba7b1ad4
  React-jsinspector: fdf0a09bddecf9ce8da830bcb89a9814230c04a4
  React-logger: c2e7bb772d6e9fc3d0109d1243b81546a9c93c0f
  React-NativeModulesApple: 6c4ffd70a5ea234a3c574bd6488ee97d25d4f151
  React-perflogger: 2a7d221549cd5b69e95c5afa2e8d336f0465e1ec
  React-RCTActionSheet: 449042d31545790748a97d9b35d4acb683e2ad00
  React-RCTAnimation: 1f4c8ce38087dbbb7f11159d8ba4eacd4fa6f06a
  React-RCTAppDelegate: 77446bf044653cd1d0d594b43b84a9c528146c6a
  React-RCTBlob: 0a39473747a67f717571233680b8c5d84831952c
  React-RCTImage: 62a897828f129e2220d27b51ce9d965efed547ab
  React-RCTLinking: 465ad65daf762d5b336973c988bdea0e51697467
  React-RCTNetwork: 33b47ffe3b4192097e787a23cbbb1b5f495337ff
  React-RCTSettings: 37d04a01ef8806ceeb281d7b90c85d8600a0642f
  React-RCTText: 9a811835f8888d34aa9377333ca5d33ea46b3006
  React-RCTVibration: 9f4d7f480b79141e1bb16ad76d46068e5ac4d378
  React-rncore: 6d677f66a68193d15d457555b8e05c86568dd621
  React-runtimeexecutor: 4e97887d9cf661def3ffdb0f48c41d4e2afb31d0
  React-runtimescheduler: 8b86ce0ad4bfdc548ccbbf66808536ddb3c5330c
  React-utils: 96f4588532614099a6d67a2b7c5912e1a35d6403
  ReactCommon: 51f5967b52c51868fa20850c53557616e9a86945
  ReactNativeHost: e17481b59ed2f3a1c65db1e83f03c1abf9afcd14
  ReactTestApp-DevSupport: 042b9bc922ee2787ad87b2a677a8fa93665f1daf
  ReactTestApp-MSAL: 9d917ca1097f71e53e845466df0e40c6d5b6259a
  ReactTestApp-Resources: ecfced6249be8a1d032cc75c6339538214e2bab1
  RNXAuth: a249af0cf1c935a41c95aaf8e5c7df11836bbfbf
  SocketRocket: f32cd54efbe0f095c4d7594881e52619cfe80b17
  Yoga: 11d7931afb89721f39cf553a78767b81c7fbea1f

PODFILE CHECKSUM: bc95f332f052a1a60f3189dcf09da29b8caa090c

COCOAPODS: 1.14.2
